# This file is automatically @generated by Cargo.
# It is not intended for manual editing.
version = 4

[[package]]
name = "ctor"
version = "0.3.6"
dependencies = [
 "ctor-proc-macro",
 "libc-print",
]

[[package]]
name = "ctor-proc-macro"
version = "0.0.4"
source = "registry+https://github.com/rust-lang/crates.io-index"
checksum = "c426d2ba3e525b39c1f0a9ba41b9fe61878dee11fa4e4a76b6ab440f46c5db5d"

[[package]]
name = "libc"
version = "0.2.169"
source = "registry+https://github.com/rust-lang/crates.io-index"
checksum = "b5aba8db14291edd000dfcc4d620c7ebfb122c613afb886ca8803fa4e128a20a"

[[package]]
name = "libc-print"
version = "0.1.23"
source = "registry+https://github.com/rust-lang/crates.io-index"
checksum = "a4a660208db49e35faf57b37484350f1a61072f2a5becf0592af6015d9ddd4b0"
dependencies = [
 "libc",
]
